
Microsoft Visual Studio Solution File, Format Version 12.00
# Visual Studio Version 17
VisualStudioVersion = 17.7.34024.191
MinimumVisualStudioVersion = 10.0.40219.1
Project("{FAE04EC0-301F-11D3-BF4B-00C04F79EFBC}") = "EntityFramework", "EntityFramework\EntityFramework.csproj", "{931EFCA3-E212-499A-812C-B924C473C7ED}"
EndProject
Project("{FAE04EC0-301F-11D3-BF4B-00C04F79EFBC}") = "WithDatabase", "WithDatabase\WithDatabase.csproj", "{3086CF16-0BB4-40BA-A41F-CBFFABBE267D}"
EndProject
Project("{FAE04EC0-301F-11D3-BF4B-00C04F79EFBC}") = "WithoutDatabase", "WithoutDatabase\WithoutDatabase.csproj", "{BE0A08C9-FAAE-4B13-897E-00936194BF71}"
EndProject
Global
	GlobalSection(SolutionConfigurationPlatforms) = preSolution
		Debug|Any CPU = Debug|Any CPU
		Release|Any CPU = Release|Any CPU
	EndGlobalSection
	GlobalSection(ProjectConfigurationPlatforms) = postSolution
		{931EFCA3-E212-499A-812C-B924C473C7ED}.Debug|Any CPU.ActiveCfg = Debug|Any CPU
		{931EFCA3-E212-499A-812C-B924C473C7ED}.Debug|Any CPU.Build.0 = Debug|Any CPU
		{931EFCA3-E212-499A-812C-B924C473C7ED}.Release|Any CPU.ActiveCfg = Release|Any CPU
		{931EFCA3-E212-499A-812C-B924C473C7ED}.Release|Any CPU.Build.0 = Release|Any CPU
		{3086CF16-0BB4-40BA-A41F-CBFFABBE267D}.Debug|Any CPU.ActiveCfg = Debug|Any CPU
		{3086CF16-0BB4-40BA-A41F-CBFFABBE267D}.Debug|Any CPU.Build.0 = Debug|Any CPU
		{3086CF16-0BB4-40BA-A41F-CBFFABBE267D}.Release|Any CPU.ActiveCfg = Release|Any CPU
		{3086CF16-0BB4-40BA-A41F-CBFFABBE267D}.Release|Any CPU.Build.0 = Release|Any CPU
		{BE0A08C9-FAAE-4B13-897E-00936194BF71}.Debug|Any CPU.ActiveCfg = Debug|Any CPU
		{BE0A08C9-FAAE-4B13-897E-00936194BF71}.Debug|Any CPU.Build.0 = Debug|Any CPU
		{BE0A08C9-FAAE-4B13-897E-00936194BF71}.Release|Any CPU.ActiveCfg = Release|Any CPU
		{BE0A08C9-FAAE-4B13-897E-00936194BF71}.Release|Any CPU.Build.0 = Release|Any CPU
	EndGlobalSection
	GlobalSection(SolutionProperties) = preSolution
		HideSolutionNode = FALSE
	EndGlobalSection
	GlobalSection(ExtensibilityGlobals) = postSolution
		SolutionGuid = {74BC257D-FEB5-49D5-887E-493B5097DE3B}
	EndGlobalSection
EndGlobal
