
Microsoft Visual Studio Solution File, Format Version 12.00
# Visual Studio Version 16
VisualStudioVersion = 16.0.31129.286
MinimumVisualStudioVersion = 10.0.40219.1
Project("{FAE04EC0-301F-11D3-BF4B-00C04F79EFBC}") = "Calculator", "Calculator\Calculator.csproj", "{8A6932B4-D2AF-42C3-8A80-8897E2495CC0}"
EndProject
Project("{FAE04EC0-301F-11D3-BF4B-00C04F79EFBC}") = "Calculator.Tests", "Calculator.Tests\Calculator.Tests.csproj", "{3A44C192-29EE-4B3E-B5EC-8ED623993598}"
EndProject
Global
	GlobalSection(SolutionConfigurationPlatforms) = preSolution
		Debug|Any CPU = Debug|Any CPU
		Release|Any CPU = Release|Any CPU
	EndGlobalSection
	GlobalSection(ProjectConfigurationPlatforms) = postSolution
		{8A6932B4-D2AF-42C3-8A80-8897E2495CC0}.Debug|Any CPU.ActiveCfg = Debug|Any CPU
		{8A6932B4-D2AF-42C3-8A80-8897E2495CC0}.Debug|Any CPU.Build.0 = Debug|Any CPU
		{8A6932B4-D2AF-42C3-8A80-8897E2495CC0}.Release|Any CPU.ActiveCfg = Release|Any CPU
		{8A6932B4-D2AF-42C3-8A80-8897E2495CC0}.Release|Any CPU.Build.0 = Release|Any CPU
		{3A44C192-29EE-4B3E-B5EC-8ED623993598}.Debug|Any CPU.ActiveCfg = Debug|Any CPU
		{3A44C192-29EE-4B3E-B5EC-8ED623993598}.Debug|Any CPU.Build.0 = Debug|Any CPU
		{3A44C192-29EE-4B3E-B5EC-8ED623993598}.Release|Any CPU.ActiveCfg = Release|Any CPU
		{3A44C192-29EE-4B3E-B5EC-8ED623993598}.Release|Any CPU.Build.0 = Release|Any CPU
	EndGlobalSection
	GlobalSection(SolutionProperties) = preSolution
		HideSolutionNode = FALSE
	EndGlobalSection
	GlobalSection(ExtensibilityGlobals) = postSolution
		SolutionGuid = {958A7974-0537-40D7-8F05-575BF751C546}
	EndGlobalSection
EndGlobal
