
Microsoft Visual Studio Solution File, Format Version 12.00
# Visual Studio Version 17
VisualStudioVersion = 17.7.34024.191
MinimumVisualStudioVersion = 10.0.40219.1
Project("{FAE04EC0-301F-11D3-BF4B-00C04F79EFBC}") = "FrisdrankAutomaat", "FrisdrankAutomaat\FrisdrankAutomaat.csproj", "{EC85641E-5D0A-4C33-995D-4F7594840C22}"
EndProject
Project("{FAE04EC0-301F-11D3-BF4B-00C04F79EFBC}") = "FrisdrankAutomaat.Tests", "FrisdrankAutomaat.Tests\FrisdrankAutomaat.Tests.csproj", "{13E48A23-760A-43F4-AEDC-2AFCDA51CE47}"
EndProject
Global
	GlobalSection(SolutionConfigurationPlatforms) = preSolution
		Debug|Any CPU = Debug|Any CPU
		Release|Any CPU = Release|Any CPU
	EndGlobalSection
	GlobalSection(ProjectConfigurationPlatforms) = postSolution
		{EC85641E-5D0A-4C33-995D-4F7594840C22}.Debug|Any CPU.ActiveCfg = Debug|Any CPU
		{EC85641E-5D0A-4C33-995D-4F7594840C22}.Debug|Any CPU.Build.0 = Debug|Any CPU
		{EC85641E-5D0A-4C33-995D-4F7594840C22}.Release|Any CPU.ActiveCfg = Release|Any CPU
		{EC85641E-5D0A-4C33-995D-4F7594840C22}.Release|Any CPU.Build.0 = Release|Any CPU
		{13E48A23-760A-43F4-AEDC-2AFCDA51CE47}.Debug|Any CPU.ActiveCfg = Debug|Any CPU
		{13E48A23-760A-43F4-AEDC-2AFCDA51CE47}.Debug|Any CPU.Build.0 = Debug|Any CPU
		{13E48A23-760A-43F4-AEDC-2AFCDA51CE47}.Release|Any CPU.ActiveCfg = Release|Any CPU
		{13E48A23-760A-43F4-AEDC-2AFCDA51CE47}.Release|Any CPU.Build.0 = Release|Any CPU
	EndGlobalSection
	GlobalSection(SolutionProperties) = preSolution
		HideSolutionNode = FALSE
	EndGlobalSection
	GlobalSection(ExtensibilityGlobals) = postSolution
		SolutionGuid = {6F802D48-2E25-4BAD-9F37-EC4BEB7F1A46}
	EndGlobalSection
EndGlobal
